
Microsoft Visual Studio Solution File, Format Version 12.00
# Visual Studio Version 17
VisualStudioVersion = 17.5.002.0
MinimumVisualStudioVersion = 10.0.40219.1
Project("{2150E333-8FDC-42A3-9474-1A3956D46DE8}") = "csharp-prep", "csharp-prep", "{532460FE-770A-4B7F-9685-F395812AE157}"
EndProject
Project("{9A19103F-16F7-4668-BE54-9A1E7A4F7556}") = "Prep1", "csharp-prep\Prep1\Prep1.csproj", "{C247587A-FA3D-4127-8B71-398D093BA005}"
EndProject
Project("{9A19103F-16F7-4668-BE54-9A1E7A4F7556}") = "Prep2", "csharp-prep\Prep2\Prep2.csproj", "{DE77CEAE-4C54-4451-A6BB-4CD0DC41C7B5}"
EndProject
Project("{9A19103F-16F7-4668-BE54-9A1E7A4F7556}") = "Prep3", "csharp-prep\Prep3\Prep3.csproj", "{D514111F-1834-47D8-BB9F-2150113EC294}"
EndProject
Project("{9A19103F-16F7-4668-BE54-9A1E7A4F7556}") = "Prep4", "csharp-prep\Prep4\Prep4.csproj", "{855009BF-8C16-4F91-88DE-C718F00D3581}"
EndProject
Project("{9A19103F-16F7-4668-BE54-9A1E7A4F7556}") = "Prep5", "csharp-prep\Prep5\Prep5.csproj", "{EC8A3909-F174-4538-A399-2C51434E7338}"
EndProject
Project("{2150E333-8FDC-42A3-9474-1A3956D46DE8}") = "final", "final", "{64609C4E-5B10-4441-9147-5C8576F8B3F8}"
EndProject
Project("{9A19103F-16F7-4668-BE54-9A1E7A4F7556}") = "FinalProject", "final\FinalProject\FinalProject.csproj", "{90B45A48-4F4E-4390-B4BD-6756FAA54209}"
EndProject
Project("{9A19103F-16F7-4668-BE54-9A1E7A4F7556}") = "Foundation1", "final\Foundation1\Foundation1.csproj", "{78443AE1-46C5-462D-A619-6B91C13EFC66}"
EndProject
Project("{9A19103F-16F7-4668-BE54-9A1E7A4F7556}") = "Foundation2", "final\Foundation2\Foundation2.csproj", "{48016BC8-4D91-4E82-AB5A-04165BB8B702}"
EndProject
Project("{9A19103F-16F7-4668-BE54-9A1E7A4F7556}") = "Foundation3", "final\Foundation3\Foundation3.csproj", "{F3BE69E7-CFA7-4554-B07E-C4F9FECEAF53}"
EndProject
Project("{9A19103F-16F7-4668-BE54-9A1E7A4F7556}") = "Foundation4", "final\Foundation4\Foundation4.csproj", "{BEB83720-F4B5-4A99-A8A1-F02FFD8675CC}"
EndProject
Project("{2150E333-8FDC-42A3-9474-1A3956D46DE8}") = "prepare", "prepare", "{1B71689A-7173-4DA6-936A-E7305325C4A9}"
EndProject
Project("{9A19103F-16F7-4668-BE54-9A1E7A4F7556}") = "Learning02", "prepare\Learning02\Learning02.csproj", "{22C6D219-99F9-4DD4-B121-2A4F964F714F}"
EndProject
Project("{9A19103F-16F7-4668-BE54-9A1E7A4F7556}") = "Learning03", "prepare\Learning03\Learning03.csproj", "{D5EF5A7F-EE45-4734-A4FF-8EB721C57160}"
EndProject
Project("{9A19103F-16F7-4668-BE54-9A1E7A4F7556}") = "Learning04", "prepare\Learning04\Learning04.csproj", "{D547B199-4C20-43CA-939C-62337D30C598}"
EndProject
Project("{9A19103F-16F7-4668-BE54-9A1E7A4F7556}") = "Learning05", "prepare\Learning05\Learning05.csproj", "{C0909DA5-B882-4DAB-A6FE-20A20C85F5A1}"
EndProject
Project("{2150E333-8FDC-42A3-9474-1A3956D46DE8}") = "prove", "prove", "{35605506-455F-4E9B-8EF6-F1532EA663C0}"
EndProject
Project("{9A19103F-16F7-4668-BE54-9A1E7A4F7556}") = "Develop02", "prove\Develop02\Develop02.csproj", "{090963A5-AF18-492A-9735-D66FF967C939}"
EndProject
Project("{9A19103F-16F7-4668-BE54-9A1E7A4F7556}") = "Develop03", "prove\Develop03\Develop03.csproj", "{7B6AD596-4C83-4BB1-B72D-33CB127311C4}"
EndProject
Project("{9A19103F-16F7-4668-BE54-9A1E7A4F7556}") = "Develop04", "prove\Develop04\Develop04.csproj", "{73E9EBEB-6B3E-4523-B32E-19E1E2B0EE7F}"
EndProject
Project("{9A19103F-16F7-4668-BE54-9A1E7A4F7556}") = "Develop05", "prove\Develop05\Develop05.csproj", "{448F8A98-1EB0-4453-87E6-E07E99891F85}"
EndProject
Project("{2150E333-8FDC-42A3-9474-1A3956D46DE8}") = "sandbox", "sandbox", "{F5C328FC-C9EA-4A99-8E4A-566E887CCFD2}"
EndProject
Project("{9A19103F-16F7-4668-BE54-9A1E7A4F7556}") = "Sandbox", "sandbox\Sandbox\Sandbox.csproj", "{C8D5EF9F-6676-4FF9-993D-F8956AFE0BD9}"
EndProject
Global
	GlobalSection(SolutionConfigurationPlatforms) = preSolution
		Debug|Any CPU = Debug|Any CPU
		Release|Any CPU = Release|Any CPU
	EndGlobalSection
	GlobalSection(ProjectConfigurationPlatforms) = postSolution
		{C247587A-FA3D-4127-8B71-398D093BA005}.Debug|Any CPU.ActiveCfg = Debug|Any CPU
		{C247587A-FA3D-4127-8B71-398D093BA005}.Debug|Any CPU.Build.0 = Debug|Any CPU
		{C247587A-FA3D-4127-8B71-398D093BA005}.Release|Any CPU.ActiveCfg = Release|Any CPU
		{C247587A-FA3D-4127-8B71-398D093BA005}.Release|Any CPU.Build.0 = Release|Any CPU
		{DE77CEAE-4C54-4451-A6BB-4CD0DC41C7B5}.Debug|Any CPU.ActiveCfg = Debug|Any CPU
		{DE77CEAE-4C54-4451-A6BB-4CD0DC41C7B5}.Debug|Any CPU.Build.0 = Debug|Any CPU
		{DE77CEAE-4C54-4451-A6BB-4CD0DC41C7B5}.Release|Any CPU.ActiveCfg = Release|Any CPU
		{DE77CEAE-4C54-4451-A6BB-4CD0DC41C7B5}.Release|Any CPU.Build.0 = Release|Any CPU
		{D514111F-1834-47D8-BB9F-2150113EC294}.Debug|Any CPU.ActiveCfg = Debug|Any CPU
		{D514111F-1834-47D8-BB9F-2150113EC294}.Debug|Any CPU.Build.0 = Debug|Any CPU
		{D514111F-1834-47D8-BB9F-2150113EC294}.Release|Any CPU.ActiveCfg = Release|Any CPU
		{D514111F-1834-47D8-BB9F-2150113EC294}.Release|Any CPU.Build.0 = Release|Any CPU
		{855009BF-8C16-4F91-88DE-C718F00D3581}.Debug|Any CPU.ActiveCfg = Debug|Any CPU
		{855009BF-8C16-4F91-88DE-C718F00D3581}.Debug|Any CPU.Build.0 = Debug|Any CPU
		{855009BF-8C16-4F91-88DE-C718F00D3581}.Release|Any CPU.ActiveCfg = Release|Any CPU
		{855009BF-8C16-4F91-88DE-C718F00D3581}.Release|Any CPU.Build.0 = Release|Any CPU
		{EC8A3909-F174-4538-A399-2C51434E7338}.Debug|Any CPU.ActiveCfg = Debug|Any CPU
		{EC8A3909-F174-4538-A399-2C51434E7338}.Debug|Any CPU.Build.0 = Debug|Any CPU
		{EC8A3909-F174-4538-A399-2C51434E7338}.Release|Any CPU.ActiveCfg = Release|Any CPU
		{EC8A3909-F174-4538-A399-2C51434E7338}.Release|Any CPU.Build.0 = Release|Any CPU
		{90B45A48-4F4E-4390-B4BD-6756FAA54209}.Debug|Any CPU.ActiveCfg = Debug|Any CPU
		{90B45A48-4F4E-4390-B4BD-6756FAA54209}.Debug|Any CPU.Build.0 = Debug|Any CPU
		{90B45A48-4F4E-4390-B4BD-6756FAA54209}.Release|Any CPU.ActiveCfg = Release|Any CPU
		{90B45A48-4F4E-4390-B4BD-6756FAA54209}.Release|Any CPU.Build.0 = Release|Any CPU
		{78443AE1-46C5-462D-A619-6B91C13EFC66}.Debug|Any CPU.ActiveCfg = Debug|Any CPU
		{78443AE1-46C5-462D-A619-6B91C13EFC66}.Debug|Any CPU.Build.0 = Debug|Any CPU
		{78443AE1-46C5-462D-A619-6B91C13EFC66}.Release|Any CPU.ActiveCfg = Release|Any CPU
		{78443AE1-46C5-462D-A619-6B91C13EFC66}.Release|Any CPU.Build.0 = Release|Any CPU
		{48016BC8-4D91-4E82-AB5A-04165BB8B702}.Debug|Any CPU.ActiveCfg = Debug|Any CPU
		{48016BC8-4D91-4E82-AB5A-04165BB8B702}.Debug|Any CPU.Build.0 = Debug|Any CPU
		{48016BC8-4D91-4E82-AB5A-04165BB8B702}.Release|Any CPU.ActiveCfg = Release|Any CPU
		{48016BC8-4D91-4E82-AB5A-04165BB8B702}.Release|Any CPU.Build.0 = Release|Any CPU
		{F3BE69E7-CFA7-4554-B07E-C4F9FECEAF53}.Debug|Any CPU.ActiveCfg = Debug|Any CPU
		{F3BE69E7-CFA7-4554-B07E-C4F9FECEAF53}.Debug|Any CPU.Build.0 = Debug|Any CPU
		{F3BE69E7-CFA7-4554-B07E-C4F9FECEAF53}.Release|Any CPU.ActiveCfg = Release|Any CPU
		{F3BE69E7-CFA7-4554-B07E-C4F9FECEAF53}.Release|Any CPU.Build.0 = Release|Any CPU
		{BEB83720-F4B5-4A99-A8A1-F02FFD8675CC}.Debug|Any CPU.ActiveCfg = Debug|Any CPU
		{BEB83720-F4B5-4A99-A8A1-F02FFD8675CC}.Debug|Any CPU.Build.0 = Debug|Any CPU
		{BEB83720-F4B5-4A99-A8A1-F02FFD8675CC}.Release|Any CPU.ActiveCfg = Release|Any CPU
		{BEB83720-F4B5-4A99-A8A1-F02FFD8675CC}.Release|Any CPU.Build.0 = Release|Any CPU
		{22C6D219-99F9-4DD4-B121-2A4F964F714F}.Debug|Any CPU.ActiveCfg = Debug|Any CPU
		{22C6D219-99F9-4DD4-B121-2A4F964F714F}.Debug|Any CPU.Build.0 = Debug|Any CPU
		{22C6D219-99F9-4DD4-B121-2A4F964F714F}.Release|Any CPU.ActiveCfg = Release|Any CPU
		{22C6D219-99F9-4DD4-B121-2A4F964F714F}.Release|Any CPU.Build.0 = Release|Any CPU
		{D5EF5A7F-EE45-4734-A4FF-8EB721C57160}.Debug|Any CPU.ActiveCfg = Debug|Any CPU
		{D5EF5A7F-EE45-4734-A4FF-8EB721C57160}.Debug|Any CPU.Build.0 = Debug|Any CPU
		{D5EF5A7F-EE45-4734-A4FF-8EB721C57160}.Release|Any CPU.ActiveCfg = Release|Any CPU
		{D5EF5A7F-EE45-4734-A4FF-8EB721C57160}.Release|Any CPU.Build.0 = Release|Any CPU
		{D547B199-4C20-43CA-939C-62337D30C598}.Debug|Any CPU.ActiveCfg = Debug|Any CPU
		{D547B199-4C20-43CA-939C-62337D30C598}.Debug|Any CPU.Build.0 = Debug|Any CPU
		{D547B199-4C20-43CA-939C-62337D30C598}.Release|Any CPU.ActiveCfg = Release|Any CPU
		{D547B199-4C20-43CA-939C-62337D30C598}.Release|Any CPU.Build.0 = Release|Any CPU
		{C0909DA5-B882-4DAB-A6FE-20A20C85F5A1}.Debug|Any CPU.ActiveCfg = Debug|Any CPU
		{C0909DA5-B882-4DAB-A6FE-20A20C85F5A1}.Debug|Any CPU.Build.0 = Debug|Any CPU
		{C0909DA5-B882-4DAB-A6FE-20A20C85F5A1}.Release|Any CPU.ActiveCfg = Release|Any CPU
		{C0909DA5-B882-4DAB-A6FE-20A20C85F5A1}.Release|Any CPU.Build.0 = Release|Any CPU
		{090963A5-AF18-492A-9735-D66FF967C939}.Debug|Any CPU.ActiveCfg = Debug|Any CPU
		{090963A5-AF18-492A-9735-D66FF967C939}.Debug|Any CPU.Build.0 = Debug|Any CPU
		{090963A5-AF18-492A-9735-D66FF967C939}.Release|Any CPU.ActiveCfg = Release|Any CPU
		{090963A5-AF18-492A-9735-D66FF967C939}.Release|Any CPU.Build.0 = Release|Any CPU
		{7B6AD596-4C83-4BB1-B72D-33CB127311C4}.Debug|Any CPU.ActiveCfg = Debug|Any CPU
		{7B6AD596-4C83-4BB1-B72D-33CB127311C4}.Debug|Any CPU.Build.0 = Debug|Any CPU
		{7B6AD596-4C83-4BB1-B72D-33CB127311C4}.Release|Any CPU.ActiveCfg = Release|Any CPU
		{7B6AD596-4C83-4BB1-B72D-33CB127311C4}.Release|Any CPU.Build.0 = Release|Any CPU
		{73E9EBEB-6B3E-4523-B32E-19E1E2B0EE7F}.Debug|Any CPU.ActiveCfg = Debug|Any CPU
		{73E9EBEB-6B3E-4523-B32E-19E1E2B0EE7F}.Debug|Any CPU.Build.0 = Debug|Any CPU
		{73E9EBEB-6B3E-4523-B32E-19E1E2B0EE7F}.Release|Any CPU.ActiveCfg = Release|Any CPU
		{73E9EBEB-6B3E-4523-B32E-19E1E2B0EE7F}.Release|Any CPU.Build.0 = Release|Any CPU
		{448F8A98-1EB0-4453-87E6-E07E99891F85}.Debug|Any CPU.ActiveCfg = Debug|Any CPU
		{448F8A98-1EB0-4453-87E6-E07E99891F85}.Debug|Any CPU.Build.0 = Debug|Any CPU
		{448F8A98-1EB0-4453-87E6-E07E99891F85}.Release|Any CPU.ActiveCfg = Release|Any CPU
		{448F8A98-1EB0-4453-87E6-E07E99891F85}.Release|Any CPU.Build.0 = Release|Any CPU
		{C8D5EF9F-6676-4FF9-993D-F8956AFE0BD9}.Debug|Any CPU.ActiveCfg = Debug|Any CPU
		{C8D5EF9F-6676-4FF9-993D-F8956AFE0BD9}.Debug|Any CPU.Build.0 = Debug|Any CPU
		{C8D5EF9F-6676-4FF9-993D-F8956AFE0BD9}.Release|Any CPU.ActiveCfg = Release|Any CPU
		{C8D5EF9F-6676-4FF9-993D-F8956AFE0BD9}.Release|Any CPU.Build.0 = Release|Any CPU
	EndGlobalSection
	GlobalSection(SolutionProperties) = preSolution
		HideSolutionNode = FALSE
	EndGlobalSection
	GlobalSection(NestedProjects) = preSolution
		{C247587A-FA3D-4127-8B71-398D093BA005} = {532460FE-770A-4B7F-9685-F395812AE157}
		{DE77CEAE-4C54-4451-A6BB-4CD0DC41C7B5} = {532460FE-770A-4B7F-9685-F395812AE157}
		{D514111F-1834-47D8-BB9F-2150113EC294} = {532460FE-770A-4B7F-9685-F395812AE157}
		{855009BF-8C16-4F91-88DE-C718F00D3581} = {532460FE-770A-4B7F-9685-F395812AE157}
		{EC8A3909-F174-4538-A399-2C51434E7338} = {532460FE-770A-4B7F-9685-F395812AE157}
		{90B45A48-4F4E-4390-B4BD-6756FAA54209} = {64609C4E-5B10-4441-9147-5C8576F8B3F8}
		{78443AE1-46C5-462D-A619-6B91C13EFC66} = {64609C4E-5B10-4441-9147-5C8576F8B3F8}
		{48016BC8-4D91-4E82-AB5A-04165BB8B702} = {64609C4E-5B10-4441-9147-5C8576F8B3F8}
		{F3BE69E7-CFA7-4554-B07E-C4F9FECEAF53} = {64609C4E-5B10-4441-9147-5C8576F8B3F8}
		{BEB83720-F4B5-4A99-A8A1-F02FFD8675CC} = {64609C4E-5B10-4441-9147-5C8576F8B3F8}
		{22C6D219-99F9-4DD4-B121-2A4F964F714F} = {1B71689A-7173-4DA6-936A-E7305325C4A9}
		{D5EF5A7F-EE45-4734-A4FF-8EB721C57160} = {1B71689A-7173-4DA6-936A-E7305325C4A9}
		{D547B199-4C20-43CA-939C-62337D30C598} = {1B71689A-7173-4DA6-936A-E7305325C4A9}
		{C0909DA5-B882-4DAB-A6FE-20A20C85F5A1} = {1B71689A-7173-4DA6-936A-E7305325C4A9}
		{090963A5-AF18-492A-9735-D66FF967C939} = {35605506-455F-4E9B-8EF6-F1532EA663C0}
		{7B6AD596-4C83-4BB1-B72D-33CB127311C4} = {35605506-455F-4E9B-8EF6-F1532EA663C0}
		{73E9EBEB-6B3E-4523-B32E-19E1E2B0EE7F} = {35605506-455F-4E9B-8EF6-F1532EA663C0}
		{448F8A98-1EB0-4453-87E6-E07E99891F85} = {35605506-455F-4E9B-8EF6-F1532EA663C0}
		{C8D5EF9F-6676-4FF9-993D-F8956AFE0BD9} = {F5C328FC-C9EA-4A99-8E4A-566E887CCFD2}
	EndGlobalSection
	GlobalSection(ExtensibilityGlobals) = postSolution
		SolutionGuid = {002F53CC-B797-468E-9D3A-BBBCDB608DCC}
	EndGlobalSection
EndGlobal
